
Microsoft Visual Studio Solution File, Format Version 12.00
# Visual Studio Version 16
VisualStudioVersion = 16.0.31624.102
MinimumVisualStudioVersion = 10.0.40219.1
Project("{FAE04EC0-301F-11D3-BF4B-00C04F79EFBC}") = "GenericsAndCollections", "GenericsAndCollections\GenericsAndCollections.csproj", "{DABFD567-7691-43BF-B470-A1D9117643D5}"
EndProject
Global
	GlobalSection(SolutionConfigurationPlatforms) = preSolution
		Debug|Any CPU = Debug|Any CPU
		Release|Any CPU = Release|Any CPU
	EndGlobalSection
	GlobalSection(ProjectConfigurationPlatforms) = postSolution
		{DABFD567-7691-43BF-B470-A1D9117643D5}.Debug|Any CPU.ActiveCfg = Debug|Any CPU
		{DABFD567-7691-43BF-B470-A1D9117643D5}.Debug|Any CPU.Build.0 = Debug|Any CPU
		{DABFD567-7691-43BF-B470-A1D9117643D5}.Release|Any CPU.ActiveCfg = Release|Any CPU
		{DABFD567-7691-43BF-B470-A1D9117643D5}.Release|Any CPU.Build.0 = Release|Any CPU
	EndGlobalSection
	GlobalSection(SolutionProperties) = preSolution
		HideSolutionNode = FALSE
	EndGlobalSection
	GlobalSection(ExtensibilityGlobals) = postSolution
		SolutionGuid = {EF791018-6420-4F6E-970D-D77995A93742}
	EndGlobalSection
EndGlobal
